{
  "originHash" : "48bbabf6d5cfc36eb4b3221e1eaab77a5c5d6246744f401630ed966d388b39b7",
  "pins" : [
    {
      "identity" : "antlr4",
      "kind" : "remoteSourceControl",
      "location" : "https://github.com/antlr/antlr4",
      "state" : {
        "revision" : "cc82115a4e7f53d71d9d905caa2c2dfa4da58899",
        "version" : "4.13.2"
      }
    },
    {
      "identity" : "bluesocket",
      "kind" : "remoteSourceControl",
      "location" : "https://github.com/IBM-Swift/BlueSocket",
      "state" : {
        "revision" : "7b23a867008e0027bfd6f4d398d44720707bc8ca",
        "version" : "2.0.4"
      }
    },
    {
      "identity" : "cakeagent",
      "kind" : "remoteSourceControl",
      "location" : "https://github.com/Fred78290/cakeagent.git",
      "state" : {
        "revision" : "dc3e771bd2351b8773bc874cf9892dc127e4d294"
      }
    },
    {
      "identity" : "cocoaspice",
      "kind" : "remoteSourceControl",
      "location" : "https://github.com/utmapp/CocoaSpice.git",
      "state" : {
        "revision" : "ac641bd7b88e14b4107dcdb508d9779c49b69617"
      }
    },
    {
      "identity" : "dynamic",
      "kind" : "remoteSourceControl",
      "location" : "https://github.com/mhdhejazi/Dynamic",
      "state" : {
        "branch" : "master",
        "revision" : "772883073d044bc754d401cabb6574624eb3778f"
      }
    },
    {
      "identity" : "filemonitor",
      "kind" : "remoteSourceControl",
      "location" : "https://github.com/aus-der-Technik/FileMonitor.git",
      "state" : {
        "revision" : "ef22f1487d07fbff0a7a5f743d42611bfd03b5e8",
        "version" : "1.2.0"
      }
    },
    {
      "identity" : "grpc-swift",
      "kind" : "remoteSourceControl",
      "location" : "https://github.com/grpc/grpc-swift.git",
      "state" : {
        "revision" : "a56a157218877ef3e9625f7e1f7b2cb7e46ead1b",
        "version" : "1.26.1"
      }
    },
    {
      "identity" : "gzipswift",
      "kind" : "remoteSourceControl",
      "location" : "https://github.com/Fred78290/GzipSwift",
      "state" : {
        "branch" : "main",
        "revision" : "41211ca1645aa6ab64076b5992809f12b869a5fd"
      }
    },
    {
      "identity" : "iso9660-swift",
      "kind" : "remoteSourceControl",
      "location" : "https://github.com/amodm/iso9660-swift",
      "state" : {
        "branch" : "main",
        "revision" : "fd2362bc51bb2663e18be15d38d4ba16dbacddd8"
      }
    },
    {
      "identity" : "libssh2prebuild",
      "kind" : "remoteSourceControl",
      "location" : "https://github.com/DimaRU/Libssh2Prebuild.git",
      "state" : {
        "revision" : "56e4285f64a34f543cba5d40805537ac927f9723",
        "version" : "1.11.0-OpenSSL-1-1-1w"
      }
    },
    {
      "identity" : "multipart",
      "kind" : "remoteSourceControl",
      "location" : "https://github.com/Fred78290/Multipart.git",
      "state" : {
        "revision" : "9901ef8f452ed13e176c49e4b079f2daada76bde"
      }
    },
    {
      "identity" : "multiplatformtabbar",
      "kind" : "remoteSourceControl",
      "location" : "https://github.com/Appracatappra/MultiplatformTabBar.git",
      "state" : {
        "revision" : "093219856b787216024c81675e27a807bc8634c4",
        "version" : "1.0.6"
      }
    },
    {
      "identity" : "semaphore",
      "kind" : "remoteSourceControl",
      "location" : "https://github.com/groue/Semaphore",
      "state" : {
        "revision" : "2543679282aa6f6c8ecf2138acd613ed20790bc2",
        "version" : "0.1.0"
      }
    },
    {
      "identity" : "sentry-cocoa",
      "kind" : "remoteSourceControl",
      "location" : "https://github.com/getsentry/sentry-cocoa",
      "state" : {
        "revision" : "930b78a63f47549c81e6e63c9172584f7d3dfdd6",
        "version" : "8.52.1"
      }
    },
    {
      "identity" : "shout",
      "kind" : "remoteSourceControl",
      "location" : "https://github.com/DimaRU/Shout.git",
      "state" : {
        "branch" : "master",
        "revision" : "7aa5090f3664963b21b5290791ef778b4ae0e0fb"
      }
    },
    {
      "identity" : "steps",
      "kind" : "remoteSourceControl",
      "location" : "https://github.com/asam139/Steps.git",
      "state" : {
        "revision" : "3f53afed09b67f51ee2c1d0d4908624c37230778",
        "version" : "0.3.9"
      }
    },
    {
      "identity" : "swift-algorithms",
      "kind" : "remoteSourceControl",
      "location" : "https://github.com/apple/swift-algorithms",
      "state" : {
        "revision" : "87e50f483c54e6efd60e885f7f5aa946cee68023",
        "version" : "1.2.1"
      }
    },
    {
      "identity" : "swift-argument-parser",
      "kind" : "remoteSourceControl",
      "location" : "https://github.com/apple/swift-argument-parser",
      "state" : {
        "revision" : "011f0c765fb46d9cac61bca19be0527e99c98c8b",
        "version" : "1.5.1"
      }
    },
    {
      "identity" : "swift-asn1",
      "kind" : "remoteSourceControl",
      "location" : "https://github.com/apple/swift-asn1.git",
      "state" : {
        "revision" : "a54383ada6cecde007d374f58f864e29370ba5c3",
        "version" : "1.3.2"
      }
    },
    {
      "identity" : "swift-async-algorithms",
      "kind" : "remoteSourceControl",
      "location" : "https://github.com/apple/swift-async-algorithms",
      "state" : {
        "branch" : "main",
        "revision" : "042e1c4d9d19748c9c228f8d4ebc97bb1e339b0b"
      }
    },
    {
      "identity" : "swift-atomics",
      "kind" : "remoteSourceControl",
      "location" : "https://github.com/apple/swift-atomics.git",
      "state" : {
        "revision" : "b601256eab081c0f92f059e12818ac1d4f178ff7",
        "version" : "1.3.0"
      }
    },
    {
      "identity" : "swift-certificates",
      "kind" : "remoteSourceControl",
      "location" : "https://github.com/apple/swift-certificates.git",
      "state" : {
        "revision" : "999fd70c7803da89f3904d635a6815a2a7cd7585",
        "version" : "1.10.0"
      }
    },
    {
      "identity" : "swift-collections",
      "kind" : "remoteSourceControl",
      "location" : "https://github.com/apple/swift-collections.git",
      "state" : {
        "revision" : "c1805596154bb3a265fd91b8ac0c4433b4348fb0",
        "version" : "1.2.0"
      }
    },
    {
      "identity" : "swift-crypto",
      "kind" : "remoteSourceControl",
      "location" : "https://github.com/apple/swift-crypto.git",
      "state" : {
        "revision" : "e8d6eba1fef23ae5b359c46b03f7d94be2f41fed",
        "version" : "3.12.3"
      }
    },
    {
      "identity" : "swift-http-structured-headers",
      "kind" : "remoteSourceControl",
      "location" : "https://github.com/apple/swift-http-structured-headers.git",
      "state" : {
        "revision" : "db6eea3692638a65e2124990155cd220c2915903",
        "version" : "1.3.0"
      }
    },
    {
      "identity" : "swift-http-types",
      "kind" : "remoteSourceControl",
      "location" : "https://github.com/apple/swift-http-types.git",
      "state" : {
        "revision" : "a0a57e949a8903563aba4615869310c0ebf14c03",
        "version" : "1.4.0"
      }
    },
    {
      "identity" : "swift-log",
      "kind" : "remoteSourceControl",
      "location" : "https://github.com/apple/swift-log.git",
      "state" : {
        "revision" : "3d8596ed08bd13520157f0355e35caed215ffbfa",
        "version" : "1.6.3"
      }
    },
    {
      "identity" : "swift-nio",
      "kind" : "remoteSourceControl",
      "location" : "https://github.com/apple/swift-nio.git",
      "state" : {
        "revision" : "34d486b01cd891297ac615e40d5999536a1e138d",
        "version" : "2.83.0"
      }
    },
    {
      "identity" : "swift-nio-extras",
      "kind" : "remoteSourceControl",
      "location" : "https://github.com/apple/swift-nio-extras.git",
      "state" : {
        "revision" : "145db1962f4f33a4ea07a32e751d5217602eea29",
        "version" : "1.28.0"
      }
    },
    {
      "identity" : "swift-nio-http2",
      "kind" : "remoteSourceControl",
      "location" : "https://github.com/apple/swift-nio-http2.git",
      "state" : {
        "revision" : "4281466512f63d1bd530e33f4aa6993ee7864be0",
        "version" : "1.36.0"
      }
    },
    {
      "identity" : "swift-nio-portforwarding",
      "kind" : "remoteSourceControl",
      "location" : "https://github.com/Fred78290/swift-nio-portforwarding.git",
      "state" : {
        "revision" : "be52cbd79902a3b74f5b13d69a13bc32953c2c69"
      }
    },
    {
      "identity" : "swift-nio-ssh",
      "kind" : "remoteSourceControl",
      "location" : "https://github.com/apple/swift-nio-ssh.git",
      "state" : {
        "revision" : "6ec9ca0f38cffbac3d78878573585196955b99b1",
        "version" : "0.10.0"
      }
    },
    {
      "identity" : "swift-nio-ssl",
      "kind" : "remoteSourceControl",
      "location" : "https://github.com/apple/swift-nio-ssl.git",
      "state" : {
        "revision" : "36b48956eb6c0569215dc15a587b491d2bb36122",
        "version" : "2.32.0"
      }
    },
    {
      "identity" : "swift-nio-transport-services",
      "kind" : "remoteSourceControl",
      "location" : "https://github.com/apple/swift-nio-transport-services.git",
      "state" : {
        "revision" : "cd1e89816d345d2523b11c55654570acd5cd4c56",
        "version" : "1.24.0"
      }
    },
    {
      "identity" : "swift-numerics",
      "kind" : "remoteSourceControl",
      "location" : "https://github.com/apple/swift-numerics.git",
      "state" : {
        "revision" : "e0ec0f5f3af6f3e4d5e7a19d2af26b481acb6ba8",
        "version" : "1.0.3"
      }
    },
    {
      "identity" : "swift-protobuf",
      "kind" : "remoteSourceControl",
      "location" : "https://github.com/apple/swift-protobuf.git",
      "state" : {
        "revision" : "102a647b573f60f73afdce5613a51d71349fe507",
        "version" : "1.30.0"
      }
    },
    {
      "identity" : "swift-retry",
      "kind" : "remoteSourceControl",
      "location" : "https://github.com/fumoboy007/swift-retry",
      "state" : {
        "revision" : "df9d7b185d2e433147ec0083a73c257e665eea0d",
        "version" : "0.2.4"
      }
    },
    {
      "identity" : "swift-service-lifecycle",
      "kind" : "remoteSourceControl",
      "location" : "https://github.com/swift-server/swift-service-lifecycle.git",
      "state" : {
        "revision" : "e7187309187695115033536e8fc9b2eb87fd956d",
        "version" : "2.8.0"
      }
    },
    {
      "identity" : "swift-sysctl",
      "kind" : "remoteSourceControl",
      "location" : "https://github.com/sersoft-gmbh/swift-sysctl.git",
      "state" : {
        "revision" : "0ef1afca942d5467837d9bd5f497e27eb252315d",
        "version" : "1.10.0"
      }
    },
    {
      "identity" : "swift-system",
      "kind" : "remoteSourceControl",
      "location" : "https://github.com/apple/swift-system.git",
      "state" : {
        "revision" : "61e4ca4b81b9e09e2ec863b00c340eb13497dac6",
        "version" : "1.5.0"
      }
    },
    {
      "identity" : "swift-xattr",
      "kind" : "remoteSourceControl",
      "location" : "https://github.com/jozefizso/swift-xattr",
      "state" : {
        "revision" : "1cd1e6bc9aecdcce31c66e2d2d5561ecd7ead83a",
        "version" : "3.0.1"
      }
    },
    {
      "identity" : "swiftdate",
      "kind" : "remoteSourceControl",
      "location" : "https://github.com/malcommac/SwiftDate",
      "state" : {
        "revision" : "5d943224c3bb173e6ecf27295611615eba90c80e",
        "version" : "7.0.0"
      }
    },
    {
      "identity" : "swifterswiftui",
      "kind" : "remoteSourceControl",
      "location" : "https://github.com/asam139/SwifterSwiftUI.git",
      "state" : {
        "revision" : "b88cc1269411ecfd0fd32218a064a3a046722853",
        "version" : "0.5.3"
      }
    },
    {
      "identity" : "swiftformat",
      "kind" : "remoteSourceControl",
      "location" : "https://github.com/nicklockwood/SwiftFormat",
      "state" : {
        "revision" : "6ebb96ce454ddb036320104a1160350ee9581767",
        "version" : "0.56.4"
      }
    },
    {
      "identity" : "swiftletutilities",
      "kind" : "remoteSourceControl",
      "location" : "https://github.com/Appracatappra/SwiftletUtilities.git",
      "state" : {
        "revision" : "a35d3be1dd3c7d602376c9dc13c2fbed9d13d465",
        "version" : "1.0.8"
      }
    },
    {
      "identity" : "swiftradix",
      "kind" : "remoteSourceControl",
      "location" : "https://github.com/orchetect/SwiftRadix",
      "state" : {
        "revision" : "20cefdba8304e0ccf2effc9965cdfa48b09ef9b4",
        "version" : "1.3.2"
      }
    },
    {
      "identity" : "swiftterm",
      "kind" : "remoteSourceControl",
      "location" : "https://github.com/migueldeicaza/SwiftTerm.git",
      "state" : {
        "revision" : "e142840b3d291f4fcd7adedc5d687ab98fc323fd"
      }
    },
    {
      "identity" : "texttable",
      "kind" : "remoteSourceControl",
      "location" : "https://github.com/cfilipov/TextTable",
      "state" : {
        "branch" : "master",
        "revision" : "e03289289155b4e7aa565e32862f9cb42140596a"
      }
    },
    {
      "identity" : "viewinspector",
      "kind" : "remoteSourceControl",
      "location" : "https://github.com/nalexn/ViewInspector",
      "state" : {
        "revision" : "a6fcac8485bc8f57b2d2b55bb6d97138e8659e4b",
        "version" : "0.10.2"
      }
    },
    {
      "identity" : "yams",
      "kind" : "remoteSourceControl",
      "location" : "https://github.com/jpsim/Yams",
      "state" : {
        "revision" : "3d6871d5b4a5cd519adf233fbb576e0a2af71c17",
        "version" : "5.4.0"
      }
    }
  ],
  "version" : 3
}
