<?xml version="1.0" encoding="UTF-8"?>
<Scheme
   LastUpgradeVersion = "2600"
   version = "1.7">
   <BuildAction
      parallelizeBuildables = "YES"
      buildImplicitDependencies = "YES"
      buildArchitectures = "Automatic">
      <BuildActionEntries>
         <BuildActionEntry
            buildForTesting = "YES"
            buildForRunning = "YES"
            buildForProfiling = "YES"
            buildForArchiving = "YES"
            buildForAnalyzing = "YES">
            <BuildableReference
               BuildableIdentifier = "primary"
               BlueprintIdentifier = "9BEBC68D2DF43FEE0092B196"
               BuildableName = "caked"
               BlueprintName = "caked"
               ReferencedContainer = "container:Caker.xcodeproj">
            </BuildableReference>
         </BuildActionEntry>
      </BuildActionEntries>
   </BuildAction>
   <TestAction
      buildConfiguration = "Debug"
      selectedDebuggerIdentifier = "Xcode.DebuggerFoundation.Debugger.LLDB"
      selectedLauncherIdentifier = "Xcode.DebuggerFoundation.Launcher.LLDB"
      shouldUseLaunchSchemeArgsEnv = "YES"
      shouldAutocreateTestPlan = "YES">
   </TestAction>
   <LaunchAction
      buildConfiguration = "Debug"
      selectedDebuggerIdentifier = "Xcode.DebuggerFoundation.Debugger.LLDB"
      selectedLauncherIdentifier = "Xcode.DebuggerFoundation.Launcher.LLDB"
      launchStyle = "0"
      useCustomWorkingDirectory = "NO"
      ignoresPersistentStateOnLaunch = "NO"
      debugDocumentVersioning = "YES"
      debugServiceExtension = "internal"
      allowLocationSimulation = "YES"
      viewDebuggingEnabled = "No">
      <BuildableProductRunnable
         runnableDebuggingMode = "0">
         <BuildableReference
            BuildableIdentifier = "primary"
            BlueprintIdentifier = "9BEBC68D2DF43FEE0092B196"
            BuildableName = "caked"
            BlueprintName = "caked"
            ReferencedContainer = "container:Caker.xcodeproj">
         </BuildableReference>
      </BuildableProductRunnable>
      <CommandLineArguments>
         <CommandLineArgument
            argument = "convert"
            isEnabled = "NO">
         </CommandLineArgument>
         <CommandLineArgument
            argument = "frank-eland"
            isEnabled = "NO">
         </CommandLineArgument>
         <CommandLineArgument
            argument = "frank-eland"
            isEnabled = "NO">
         </CommandLineArgument>
         <CommandLineArgument
            argument = "--from=multipass"
            isEnabled = "NO">
         </CommandLineArgument>
         <CommandLineArgument
            argument = "vmrun"
            isEnabled = "YES">
         </CommandLineArgument>
         <CommandLineArgument
            argument = "ubuntu-desktop"
            isEnabled = "YES">
         </CommandLineArgument>
         <CommandLineArgument
            argument = "--vnc"
            isEnabled = "YES">
         </CommandLineArgument>
         <CommandLineArgument
            argument = "--log-level=debug"
            isEnabled = "YES">
         </CommandLineArgument>
         <CommandLineArgument
            argument = "build"
            isEnabled = "NO">
         </CommandLineArgument>
         <CommandLineArgument
            argument = "ipswtest"
            isEnabled = "NO">
         </CommandLineArgument>
         <CommandLineArgument
            argument = "-c=4"
            isEnabled = "NO">
         </CommandLineArgument>
         <CommandLineArgument
            argument = "-m=4096"
            isEnabled = "NO">
         </CommandLineArgument>
         <CommandLineArgument
            argument = "-d=40"
            isEnabled = "NO">
         </CommandLineArgument>
         <CommandLineArgument
            argument = "ipsw:///Volumes/Manix/Users/fboltz/Downloads/UniversalMac_15.5_24F74_Restore.ipsw"
            isEnabled = "NO">
         </CommandLineArgument>
      </CommandLineArguments>
      <EnvironmentVariables>
         <EnvironmentVariable
            key = "PATH"
            value = "/Volumes/Manix/Users/fboltz/.vscode/extensions/ms-python.python-2025.8.0-darwin-arm64/python_files/deactivate/bash:/Volumes/Manix/Users/fboltz/Projects/GitHub/caker/.venv/bin:/Volumes/Manix/Users/fboltz/.vscode/extensions/ms-python.python-2025.8.0-darwin-arm64/python_files/deactivate/bash:/Volumes/Manix/Users/fboltz/Projects/GitHub/caker/.venv/bin:/Volumes/Manix/Users/fboltz/go/bin:/opt/bin:/opt/homebrew/bin:/opt/homebrew/sbin:/usr/local/bin:/System/Cryptexes/App/usr/bin:/usr/bin:/bin:/usr/sbin:/sbin:/var/run/com.apple.security.cryptexd/codex.system/bootstrap/usr/local/bin:/var/run/com.apple.security.cryptexd/codex.system/bootstrap/usr/bin:/var/run/com.apple.security.cryptexd/codex.system/bootstrap/usr/appleinternal/bin:/opt/X11/bin:/Library/Apple/usr/bin:/Applications/Docker.app/Contents/Resources/bin:/Applications/VMware Fusion.app/Contents/Public:/usr/local/share/dotnet:~/.dotnet/tools:/Users/fboltz/go/bin:/opt/bin:/Volumes/Manix/Users/fboltz/.vscode/extensions/ms-python.python-2025.8.0-darwin-arm64/python_files/deactivate/bash:/Volumes/Manix/Users/fboltz/Projects/GitHub/caker/.venv/bin:/Volumes/Manix/Users/fboltz/go/bin:/Applications/Docker.app/Contents/Resources/bin"
            isEnabled = "YES">
         </EnvironmentVariable>
      </EnvironmentVariables>
   </LaunchAction>
   <ProfileAction
      buildConfiguration = "Release"
      shouldUseLaunchSchemeArgsEnv = "YES"
      savedToolIdentifier = ""
      useCustomWorkingDirectory = "NO"
      debugDocumentVersioning = "YES">
      <BuildableProductRunnable
         runnableDebuggingMode = "0">
         <BuildableReference
            BuildableIdentifier = "primary"
            BlueprintIdentifier = "9BEBC68D2DF43FEE0092B196"
            BuildableName = "caked"
            BlueprintName = "caked"
            ReferencedContainer = "container:Caker.xcodeproj">
         </BuildableReference>
      </BuildableProductRunnable>
   </ProfileAction>
   <AnalyzeAction
      buildConfiguration = "Debug">
   </AnalyzeAction>
   <ArchiveAction
      buildConfiguration = "Release"
      revealArchiveInOrganizer = "YES">
   </ArchiveAction>
</Scheme>
