// !$*UTF8*$!
{
	archiveVersion = 1;
	classes = {
	};
	objectVersion = 77;
	objects = {

/* Begin PBXBuildFile section */
		9B7E28C72CEDE91B00E270D0 /* service.proto in Sources */ = {isa = PBXBuildFile; fileRef = 9B7E28C22CEDE91B00E270D0 /* service.proto */; };
		9B7E28C92CEDE91B00E270D0 /* service.grpc.swift in Sources */ = {isa = PBXBuildFile; fileRef = 9B7E28C32CEDE91B00E270D0 /* service.grpc.swift */; };
		9B7E28CA2CEDE91B00E270D0 /* service.pb.swift in Sources */ = {isa = PBXBuildFile; fileRef = 9B7E28C42CEDE91B00E270D0 /* service.pb.swift */; };
		9B7E28DE2CEDE9AF00E270D0 /* ImageCache.swift in Sources */ = {isa = PBXBuildFile; fileRef = 9B7E28D92CEDE9AF00E270D0 /* ImageCache.swift */; };
		9B7E28DF2CEDE9AF00E270D0 /* CloudInit.swift in Sources */ = {isa = PBXBuildFile; fileRef = 9B7E28D82CEDE9AF00E270D0 /* CloudInit.swift */; };
		9B7E28E02CEDE9AF00E270D0 /* CloudImageConverter.swift in Sources */ = {isa = PBXBuildFile; fileRef = 9B7E28D72CEDE9AF00E270D0 /* CloudImageConverter.swift */; };
		9B7E28E12CEDE9AF00E270D0 /* Certificate.swift in Sources */ = {isa = PBXBuildFile; fileRef = 9B7E28D62CEDE9AF00E270D0 /* Certificate.swift */; };
		9B7E28E32CEDE9AF00E270D0 /* SimpleStreams.swift in Sources */ = {isa = PBXBuildFile; fileRef = 9B7E28DA2CEDE9AF00E270D0 /* SimpleStreams.swift */; };
		9B7E28E62CEDF96C00E270D0 /* service.swift in Sources */ = {isa = PBXBuildFile; fileRef = 9B7E28E52CEDF96C00E270D0 /* service.swift */; };
		9B7E28E72CEDF96C00E270D0 /* service.swift in Sources */ = {isa = PBXBuildFile; fileRef = 9B7E28E52CEDF96C00E270D0 /* service.swift */; };
		9B7E28EF2CEDFC2800E270D0 /* Root.swift in Sources */ = {isa = PBXBuildFile; fileRef = 9B7E28E92CEDFC2800E270D0 /* Root.swift */; };
		9B7E28F02CEDFC2800E270D0 /* VMConfig.swift in Sources */ = {isa = PBXBuildFile; fileRef = 9B7E28ED2CEDFC2800E270D0 /* VMConfig.swift */; };
		9B7E28F12CEDFC2800E270D0 /* Shell.swift in Sources */ = {isa = PBXBuildFile; fileRef = 9B7E28EB2CEDFC2800E270D0 /* Shell.swift */; };
		9B7E28F22CEDFC2800E270D0 /* RuntimeError.swift in Sources */ = {isa = PBXBuildFile; fileRef = 9B7E28EA2CEDFC2800E270D0 /* RuntimeError.swift */; };
		9B7E28F32CEDFC2800E270D0 /* Format.swift in Sources */ = {isa = PBXBuildFile; fileRef = 9B7E28E82CEDFC2800E270D0 /* Format.swift */; };
		9B7E28F42CEDFC2800E270D0 /* VM.swift in Sources */ = {isa = PBXBuildFile; fileRef = 9B7E28EC2CEDFC2800E270D0 /* VM.swift */; };
		9B7E28F52CEDFC2800E270D0 /* VMDirectory.swift in Sources */ = {isa = PBXBuildFile; fileRef = 9B7E28EE2CEDFC2800E270D0 /* VMDirectory.swift */; };
		9B7E28F82CEDFC9400E270D0 /* ISO9660 in Frameworks */ = {isa = PBXBuildFile; productRef = 9B7E28F72CEDFC9400E270D0 /* ISO9660 */; };
		9B7E28FB2CEDFCB200E270D0 /* Yams in Frameworks */ = {isa = PBXBuildFile; productRef = 9B7E28FA2CEDFCB200E270D0 /* Yams */; };
		9B7E28FE2CEDFCF000E270D0 /* Atomics in Frameworks */ = {isa = PBXBuildFile; productRef = 9B7E28FD2CEDFCF000E270D0 /* Atomics */; };
		9B7E29012CEDFD4200E270D0 /* ShellOut in Frameworks */ = {isa = PBXBuildFile; productRef = 9B7E29002CEDFD4200E270D0 /* ShellOut */; };
		9B7E29032CEDFD9200E270D0 /* CGRPCZlib in Frameworks */ = {isa = PBXBuildFile; productRef = 9B7E29022CEDFD9200E270D0 /* CGRPCZlib */; };
		9B7E29052CEDFD9200E270D0 /* GRPC in Frameworks */ = {isa = PBXBuildFile; productRef = 9B7E29042CEDFD9200E270D0 /* GRPC */; };
		9B7E29072CEDFD9200E270D0 /* GRPCReflectionService in Frameworks */ = {isa = PBXBuildFile; productRef = 9B7E29062CEDFD9200E270D0 /* GRPCReflectionService */; };
		9B7E290A2CEDFDD300E270D0 /* NIO in Frameworks */ = {isa = PBXBuildFile; productRef = 9B7E29092CEDFDD300E270D0 /* NIO */; };
		9B7E290C2CEDFDD300E270D0 /* NIOConcurrencyHelpers in Frameworks */ = {isa = PBXBuildFile; productRef = 9B7E290B2CEDFDD300E270D0 /* NIOConcurrencyHelpers */; };
		9B7E29102CEDFDD300E270D0 /* NIOEmbedded in Frameworks */ = {isa = PBXBuildFile; productRef = 9B7E290F2CEDFDD300E270D0 /* NIOEmbedded */; };
		9B7E29122CEDFDD300E270D0 /* NIOFoundationCompat in Frameworks */ = {isa = PBXBuildFile; productRef = 9B7E29112CEDFDD300E270D0 /* NIOFoundationCompat */; };
		9B7E292A2CEDFE8100E270D0 /* Stop.swift in Sources */ = {isa = PBXBuildFile; fileRef = 9B7E29272CEDFE8100E270D0 /* Stop.swift */; };
		9B7E292B2CEDFE8100E270D0 /* Import.swift in Sources */ = {isa = PBXBuildFile; fileRef = 9B7E291A2CEDFE8100E270D0 /* Import.swift */; };
		9B7E292C2CEDFE8100E270D0 /* List.swift in Sources */ = {isa = PBXBuildFile; fileRef = 9B7E291D2CEDFE8100E270D0 /* List.swift */; };
		9B7E292D2CEDFE8100E270D0 /* Launch.swift in Sources */ = {isa = PBXBuildFile; fileRef = 9B7E291C2CEDFE8100E270D0 /* Launch.swift */; };
		9B7E292E2CEDFE8100E270D0 /* Rename.swift in Sources */ = {isa = PBXBuildFile; fileRef = 9B7E29232CEDFE8100E270D0 /* Rename.swift */; };
		9B7E292F2CEDFE8100E270D0 /* Start.swift in Sources */ = {isa = PBXBuildFile; fileRef = 9B7E29262CEDFE8100E270D0 /* Start.swift */; };
		9B7E29302CEDFE8100E270D0 /* IP.swift in Sources */ = {isa = PBXBuildFile; fileRef = 9B7E291B2CEDFE8100E270D0 /* IP.swift */; };
		9B7E29312CEDFE8100E270D0 /* Logout.swift in Sources */ = {isa = PBXBuildFile; fileRef = 9B7E291F2CEDFE8100E270D0 /* Logout.swift */; };
		9B7E29322CEDFE8100E270D0 /* Create.swift in Sources */ = {isa = PBXBuildFile; fileRef = 9B7E29152CEDFE8100E270D0 /* Create.swift */; };
		9B7E29332CEDFE8100E270D0 /* Service.swift in Sources */ = {isa = PBXBuildFile; fileRef = 9B7E29242CEDFE8100E270D0 /* Service.swift */; };
		9B7E29342CEDFE8100E270D0 /* Export.swift in Sources */ = {isa = PBXBuildFile; fileRef = 9B7E29172CEDFE8100E270D0 /* Export.swift */; };
		9B7E29352CEDFE8100E270D0 /* Build.swift in Sources */ = {isa = PBXBuildFile; fileRef = 9B7E29132CEDFE8100E270D0 /* Build.swift */; };
		9B7E29362CEDFE8100E270D0 /* FQN.swift in Sources */ = {isa = PBXBuildFile; fileRef = 9B7E29182CEDFE8100E270D0 /* FQN.swift */; };
		9B7E29372CEDFE8100E270D0 /* Delete.swift in Sources */ = {isa = PBXBuildFile; fileRef = 9B7E29162CEDFE8100E270D0 /* Delete.swift */; };
		9B7E29382CEDFE8100E270D0 /* Set.swift in Sources */ = {isa = PBXBuildFile; fileRef = 9B7E29252CEDFE8100E270D0 /* Set.swift */; };
		9B7E29392CEDFE8100E270D0 /* Prune.swift in Sources */ = {isa = PBXBuildFile; fileRef = 9B7E29202CEDFE8100E270D0 /* Prune.swift */; };
		9B7E293A2CEDFE8100E270D0 /* Pull.swift in Sources */ = {isa = PBXBuildFile; fileRef = 9B7E29212CEDFE8100E270D0 /* Pull.swift */; };
		9B7E293B2CEDFE8100E270D0 /* Push.swift in Sources */ = {isa = PBXBuildFile; fileRef = 9B7E29222CEDFE8100E270D0 /* Push.swift */; };
		9B7E293C2CEDFE8100E270D0 /* Get.swift in Sources */ = {isa = PBXBuildFile; fileRef = 9B7E29192CEDFE8100E270D0 /* Get.swift */; };
		9B7E293D2CEDFE8100E270D0 /* Clone.swift in Sources */ = {isa = PBXBuildFile; fileRef = 9B7E29142CEDFE8100E270D0 /* Clone.swift */; };
		9B7E293E2CEDFE8100E270D0 /* Login.swift in Sources */ = {isa = PBXBuildFile; fileRef = 9B7E291E2CEDFE8100E270D0 /* Login.swift */; };
		9B7E293F2CEDFE8100E270D0 /* Suspend.swift in Sources */ = {isa = PBXBuildFile; fileRef = 9B7E29282CEDFE8100E270D0 /* Suspend.swift */; };
		9B7E29442CEDFF7500E270D0 /* NIOSSL in Frameworks */ = {isa = PBXBuildFile; productRef = 9B7E29432CEDFF7500E270D0 /* NIOSSL */; };
		9B7E29512CEDFFDC00E270D0 /* NIOExtras in Frameworks */ = {isa = PBXBuildFile; productRef = 9B7E29502CEDFFDC00E270D0 /* NIOExtras */; };
		9B7E295C2CEE000800E270D0 /* BitCollections in Frameworks */ = {isa = PBXBuildFile; productRef = 9B7E295B2CEE000800E270D0 /* BitCollections */; };
		9B7E295E2CEE000800E270D0 /* Collections in Frameworks */ = {isa = PBXBuildFile; productRef = 9B7E295D2CEE000800E270D0 /* Collections */; };
		9B7E29602CEE000800E270D0 /* DequeModule in Frameworks */ = {isa = PBXBuildFile; productRef = 9B7E295F2CEE000800E270D0 /* DequeModule */; };
		9B7E29622CEE000800E270D0 /* HashTreeCollections in Frameworks */ = {isa = PBXBuildFile; productRef = 9B7E29612CEE000800E270D0 /* HashTreeCollections */; };
		9B7E29642CEE000800E270D0 /* HeapModule in Frameworks */ = {isa = PBXBuildFile; productRef = 9B7E29632CEE000800E270D0 /* HeapModule */; };
		9B7E29672CEE002700E270D0 /* SwiftProtobuf in Frameworks */ = {isa = PBXBuildFile; productRef = 9B7E29662CEE002700E270D0 /* SwiftProtobuf */; };
		9B7E296C2CEE007D00E270D0 /* Virtualization.framework in Frameworks */ = {isa = PBXBuildFile; fileRef = 9B7E296B2CEE007D00E270D0 /* Virtualization.framework */; };
		9B7E296E2CEE2A3B00E270D0 /* ArgumentParser in Frameworks */ = {isa = PBXBuildFile; productRef = 9B7E296D2CEE2A3B00E270D0 /* ArgumentParser */; };
		9BF32EC62CECCACF005977E2 /* Set.swift in Sources */ = {isa = PBXBuildFile; fileRef = 9BF32EB92CECCACF005977E2 /* Set.swift */; };
		9BF32EC72CECCACF005977E2 /* Suspend.swift in Sources */ = {isa = PBXBuildFile; fileRef = 9BF32EBC2CECCACF005977E2 /* Suspend.swift */; };
		9BF32EC92CECCACF005977E2 /* IP.swift in Sources */ = {isa = PBXBuildFile; fileRef = 9BF32EB02CECCACF005977E2 /* IP.swift */; };
		9BF32ECB2CECCACF005977E2 /* Start.swift in Sources */ = {isa = PBXBuildFile; fileRef = 9BF32EBA2CECCACF005977E2 /* Start.swift */; };
		9BF32ECC2CECCACF005977E2 /* CI.swift in Sources */ = {isa = PBXBuildFile; fileRef = 9BF32EA62CECCACF005977E2 /* CI.swift */; };
		9BF32ECD2CECCACF005977E2 /* Create.swift in Sources */ = {isa = PBXBuildFile; fileRef = 9BF32EAA2CECCACF005977E2 /* Create.swift */; };
		9BF32ECF2CECCACF005977E2 /* Root.swift in Sources */ = {isa = PBXBuildFile; fileRef = 9BF32EC42CECCACF005977E2 /* Root.swift */; };
		9BF32ED02CECCACF005977E2 /* Delete.swift in Sources */ = {isa = PBXBuildFile; fileRef = 9BF32EAB2CECCACF005977E2 /* Delete.swift */; };
		9BF32ED12CECCACF005977E2 /* Stop.swift in Sources */ = {isa = PBXBuildFile; fileRef = 9BF32EBB2CECCACF005977E2 /* Stop.swift */; };
		9BF32ED22CECCACF005977E2 /* Get.swift in Sources */ = {isa = PBXBuildFile; fileRef = 9BF32EAE2CECCACF005977E2 /* Get.swift */; };
		9BF32ED32CECCACF005977E2 /* Login.swift in Sources */ = {isa = PBXBuildFile; fileRef = 9BF32EB32CECCACF005977E2 /* Login.swift */; };
		9BF32ED52CECCACF005977E2 /* Pull.swift in Sources */ = {isa = PBXBuildFile; fileRef = 9BF32EB62CECCACF005977E2 /* Pull.swift */; };
		9BF32ED62CECCACF005977E2 /* Clone.swift in Sources */ = {isa = PBXBuildFile; fileRef = 9BF32EA92CECCACF005977E2 /* Clone.swift */; };
		9BF32ED72CECCACF005977E2 /* Prune.swift in Sources */ = {isa = PBXBuildFile; fileRef = 9BF32EB52CECCACF005977E2 /* Prune.swift */; };
		9BF32ED82CECCACF005977E2 /* Export.swift in Sources */ = {isa = PBXBuildFile; fileRef = 9BF32EAC2CECCACF005977E2 /* Export.swift */; };
		9BF32ED92CECCACF005977E2 /* Launch.swift in Sources */ = {isa = PBXBuildFile; fileRef = 9BF32EB12CECCACF005977E2 /* Launch.swift */; };
		9BF32EDA2CECCACF005977E2 /* Push.swift in Sources */ = {isa = PBXBuildFile; fileRef = 9BF32EB72CECCACF005977E2 /* Push.swift */; };
		9BF32EDB2CECCACF005977E2 /* Build.swift in Sources */ = {isa = PBXBuildFile; fileRef = 9BF32EA82CECCACF005977E2 /* Build.swift */; };
		9BF32EDC2CECCACF005977E2 /* FQN.swift in Sources */ = {isa = PBXBuildFile; fileRef = 9BF32EAD2CECCACF005977E2 /* FQN.swift */; };
		9BF32EDD2CECCACF005977E2 /* Logout.swift in Sources */ = {isa = PBXBuildFile; fileRef = 9BF32EB42CECCACF005977E2 /* Logout.swift */; };
		9BF32EDE2CECCACF005977E2 /* Import.swift in Sources */ = {isa = PBXBuildFile; fileRef = 9BF32EAF2CECCACF005977E2 /* Import.swift */; };
		9BF32EDF2CECCACF005977E2 /* Rename.swift in Sources */ = {isa = PBXBuildFile; fileRef = 9BF32EB82CECCACF005977E2 /* Rename.swift */; };
		9BF32EE02CECCACF005977E2 /* List.swift in Sources */ = {isa = PBXBuildFile; fileRef = 9BF32EB22CECCACF005977E2 /* List.swift */; };
		9BF32EE32CECCAF2005977E2 /* ArgumentParser in Frameworks */ = {isa = PBXBuildFile; productRef = 9BF32EE22CECCAF2005977E2 /* ArgumentParser */; };
		9BF32EE62CECCB32005977E2 /* CGRPCZlib in Frameworks */ = {isa = PBXBuildFile; productRef = 9BF32EE52CECCB32005977E2 /* CGRPCZlib */; };
		9BF32EE82CECCB32005977E2 /* GRPC in Frameworks */ = {isa = PBXBuildFile; productRef = 9BF32EE72CECCB32005977E2 /* GRPC */; };
		9BF32EEA2CECCB32005977E2 /* GRPCReflectionService in Frameworks */ = {isa = PBXBuildFile; productRef = 9BF32EE92CECCB32005977E2 /* GRPCReflectionService */; };
		9BF32EED2CECD15B005977E2 /* SwiftDate in Frameworks */ = {isa = PBXBuildFile; productRef = 9BF32EEC2CECD15B005977E2 /* SwiftDate */; };
/* End PBXBuildFile section */

/* Begin PBXCopyFilesBuildPhase section */
		9B7E28CD2CEDE96E00E270D0 /* CopyFiles */ = {
			isa = PBXCopyFilesBuildPhase;
			buildActionMask = 2147483647;
			dstPath = /usr/share/man/man1/;
			dstSubfolderSpec = 0;
			files = (
			);
			runOnlyForDeploymentPostprocessing = 1;
		};
		9BF32E9A2CECCA85005977E2 /* CopyFiles */ = {
			isa = PBXCopyFilesBuildPhase;
			buildActionMask = 2147483647;
			dstPath = /usr/share/man/man1/;
			dstSubfolderSpec = 0;
			files = (
			);
			runOnlyForDeploymentPostprocessing = 1;
		};
/* End PBXCopyFilesBuildPhase section */

/* Begin PBXFileReference section */
		9B7E28C12CEDE91B00E270D0 /* generate.sh */ = {isa = PBXFileReference; lastKnownFileType = text.script.sh; path = generate.sh; sourceTree = "<group>"; };
		9B7E28C22CEDE91B00E270D0 /* service.proto */ = {isa = PBXFileReference; lastKnownFileType = sourcecode.protobuf; path = service.proto; sourceTree = "<group>"; };
		9B7E28C32CEDE91B00E270D0 /* service.grpc.swift */ = {isa = PBXFileReference; lastKnownFileType = sourcecode.swift; path = service.grpc.swift; sourceTree = "<group>"; };
		9B7E28C42CEDE91B00E270D0 /* service.pb.swift */ = {isa = PBXFileReference; lastKnownFileType = sourcecode.swift; path = service.pb.swift; sourceTree = "<group>"; };
		9B7E28CF2CEDE96E00E270D0 /* tartdaemon */ = {isa = PBXFileReference; explicitFileType = "compiled.mach-o.executable"; includeInIndex = 0; path = tartdaemon; sourceTree = BUILT_PRODUCTS_DIR; };
		9B7E28D62CEDE9AF00E270D0 /* Certificate.swift */ = {isa = PBXFileReference; lastKnownFileType = sourcecode.swift; path = Certificate.swift; sourceTree = "<group>"; };
		9B7E28D72CEDE9AF00E270D0 /* CloudImageConverter.swift */ = {isa = PBXFileReference; lastKnownFileType = sourcecode.swift; path = CloudImageConverter.swift; sourceTree = "<group>"; };
		9B7E28D82CEDE9AF00E270D0 /* CloudInit.swift */ = {isa = PBXFileReference; lastKnownFileType = sourcecode.swift; path = CloudInit.swift; sourceTree = "<group>"; };
		9B7E28D92CEDE9AF00E270D0 /* ImageCache.swift */ = {isa = PBXFileReference; lastKnownFileType = sourcecode.swift; path = ImageCache.swift; sourceTree = "<group>"; };
		9B7E28DA2CEDE9AF00E270D0 /* SimpleStreams.swift */ = {isa = PBXFileReference; lastKnownFileType = sourcecode.swift; path = SimpleStreams.swift; sourceTree = "<group>"; };
		9B7E28E52CEDF96C00E270D0 /* service.swift */ = {isa = PBXFileReference; lastKnownFileType = sourcecode.swift; path = service.swift; sourceTree = "<group>"; };
		9B7E28E82CEDFC2800E270D0 /* Format.swift */ = {isa = PBXFileReference; lastKnownFileType = sourcecode.swift; name = Format.swift; path = Sources/tartd/Format.swift; sourceTree = SOURCE_ROOT; };
		9B7E28E92CEDFC2800E270D0 /* Root.swift */ = {isa = PBXFileReference; lastKnownFileType = sourcecode.swift; name = Root.swift; path = Sources/tartd/Root.swift; sourceTree = SOURCE_ROOT; };
		9B7E28EA2CEDFC2800E270D0 /* RuntimeError.swift */ = {isa = PBXFileReference; lastKnownFileType = sourcecode.swift; name = RuntimeError.swift; path = Sources/tartd/RuntimeError.swift; sourceTree = SOURCE_ROOT; };
		9B7E28EB2CEDFC2800E270D0 /* Shell.swift */ = {isa = PBXFileReference; lastKnownFileType = sourcecode.swift; name = Shell.swift; path = Sources/tartd/Shell.swift; sourceTree = SOURCE_ROOT; };
		9B7E28EC2CEDFC2800E270D0 /* VM.swift */ = {isa = PBXFileReference; lastKnownFileType = sourcecode.swift; name = VM.swift; path = Sources/tartd/VM.swift; sourceTree = SOURCE_ROOT; };
		9B7E28ED2CEDFC2800E270D0 /* VMConfig.swift */ = {isa = PBXFileReference; lastKnownFileType = sourcecode.swift; name = VMConfig.swift; path = Sources/tartd/VMConfig.swift; sourceTree = SOURCE_ROOT; };
		9B7E28EE2CEDFC2800E270D0 /* VMDirectory.swift */ = {isa = PBXFileReference; lastKnownFileType = sourcecode.swift; name = VMDirectory.swift; path = Sources/tartd/VMDirectory.swift; sourceTree = SOURCE_ROOT; };
		9B7E29132CEDFE8100E270D0 /* Build.swift */ = {isa = PBXFileReference; lastKnownFileType = sourcecode.swift; path = Build.swift; sourceTree = "<group>"; };
		9B7E29142CEDFE8100E270D0 /* Clone.swift */ = {isa = PBXFileReference; lastKnownFileType = sourcecode.swift; path = Clone.swift; sourceTree = "<group>"; };
		9B7E29152CEDFE8100E270D0 /* Create.swift */ = {isa = PBXFileReference; lastKnownFileType = sourcecode.swift; path = Create.swift; sourceTree = "<group>"; };
		9B7E29162CEDFE8100E270D0 /* Delete.swift */ = {isa = PBXFileReference; lastKnownFileType = sourcecode.swift; path = Delete.swift; sourceTree = "<group>"; };
		9B7E29172CEDFE8100E270D0 /* Export.swift */ = {isa = PBXFileReference; lastKnownFileType = sourcecode.swift; path = Export.swift; sourceTree = "<group>"; };
		9B7E29182CEDFE8100E270D0 /* FQN.swift */ = {isa = PBXFileReference; lastKnownFileType = sourcecode.swift; path = FQN.swift; sourceTree = "<group>"; };
		9B7E29192CEDFE8100E270D0 /* Get.swift */ = {isa = PBXFileReference; lastKnownFileType = sourcecode.swift; path = Get.swift; sourceTree = "<group>"; };
		9B7E291A2CEDFE8100E270D0 /* Import.swift */ = {isa = PBXFileReference; lastKnownFileType = sourcecode.swift; path = Import.swift; sourceTree = "<group>"; };
		9B7E291B2CEDFE8100E270D0 /* IP.swift */ = {isa = PBXFileReference; lastKnownFileType = sourcecode.swift; path = IP.swift; sourceTree = "<group>"; };
		9B7E291C2CEDFE8100E270D0 /* Launch.swift */ = {isa = PBXFileReference; lastKnownFileType = sourcecode.swift; path = Launch.swift; sourceTree = "<group>"; };
		9B7E291D2CEDFE8100E270D0 /* List.swift */ = {isa = PBXFileReference; lastKnownFileType = sourcecode.swift; path = List.swift; sourceTree = "<group>"; };
		9B7E291E2CEDFE8100E270D0 /* Login.swift */ = {isa = PBXFileReference; lastKnownFileType = sourcecode.swift; path = Login.swift; sourceTree = "<group>"; };
		9B7E291F2CEDFE8100E270D0 /* Logout.swift */ = {isa = PBXFileReference; lastKnownFileType = sourcecode.swift; path = Logout.swift; sourceTree = "<group>"; };
		9B7E29202CEDFE8100E270D0 /* Prune.swift */ = {isa = PBXFileReference; lastKnownFileType = sourcecode.swift; path = Prune.swift; sourceTree = "<group>"; };
		9B7E29212CEDFE8100E270D0 /* Pull.swift */ = {isa = PBXFileReference; lastKnownFileType = sourcecode.swift; path = Pull.swift; sourceTree = "<group>"; };
		9B7E29222CEDFE8100E270D0 /* Push.swift */ = {isa = PBXFileReference; lastKnownFileType = sourcecode.swift; path = Push.swift; sourceTree = "<group>"; };
		9B7E29232CEDFE8100E270D0 /* Rename.swift */ = {isa = PBXFileReference; lastKnownFileType = sourcecode.swift; path = Rename.swift; sourceTree = "<group>"; };
		9B7E29242CEDFE8100E270D0 /* Service.swift */ = {isa = PBXFileReference; lastKnownFileType = sourcecode.swift; path = Service.swift; sourceTree = "<group>"; };
		9B7E29252CEDFE8100E270D0 /* Set.swift */ = {isa = PBXFileReference; lastKnownFileType = sourcecode.swift; path = Set.swift; sourceTree = "<group>"; };
		9B7E29262CEDFE8100E270D0 /* Start.swift */ = {isa = PBXFileReference; lastKnownFileType = sourcecode.swift; path = Start.swift; sourceTree = "<group>"; };
		9B7E29272CEDFE8100E270D0 /* Stop.swift */ = {isa = PBXFileReference; lastKnownFileType = sourcecode.swift; path = Stop.swift; sourceTree = "<group>"; };
		9B7E29282CEDFE8100E270D0 /* Suspend.swift */ = {isa = PBXFileReference; lastKnownFileType = sourcecode.swift; path = Suspend.swift; sourceTree = "<group>"; };
		9B7E29692CEE006800E270D0 /* CryptoKit.framework */ = {isa = PBXFileReference; lastKnownFileType = wrapper.framework; name = CryptoKit.framework; path = System/Library/Frameworks/CryptoKit.framework; sourceTree = SDKROOT; };
		9B7E296B2CEE007D00E270D0 /* Virtualization.framework */ = {isa = PBXFileReference; lastKnownFileType = wrapper.framework; name = Virtualization.framework; path = System/Library/Frameworks/Virtualization.framework; sourceTree = SDKROOT; };
		9BF32E9C2CECCA85005977E2 /* tartctl */ = {isa = PBXFileReference; explicitFileType = "compiled.mach-o.executable"; includeInIndex = 0; path = tartctl; sourceTree = BUILT_PRODUCTS_DIR; };
		9BF32EA62CECCACF005977E2 /* CI.swift */ = {isa = PBXFileReference; lastKnownFileType = sourcecode.swift; path = CI.swift; sourceTree = "<group>"; };
		9BF32EA82CECCACF005977E2 /* Build.swift */ = {isa = PBXFileReference; lastKnownFileType = sourcecode.swift; path = Build.swift; sourceTree = "<group>"; };
		9BF32EA92CECCACF005977E2 /* Clone.swift */ = {isa = PBXFileReference; lastKnownFileType = sourcecode.swift; path = Clone.swift; sourceTree = "<group>"; };
		9BF32EAA2CECCACF005977E2 /* Create.swift */ = {isa = PBXFileReference; lastKnownFileType = sourcecode.swift; path = Create.swift; sourceTree = "<group>"; };
		9BF32EAB2CECCACF005977E2 /* Delete.swift */ = {isa = PBXFileReference; lastKnownFileType = sourcecode.swift; path = Delete.swift; sourceTree = "<group>"; };
		9BF32EAC2CECCACF005977E2 /* Export.swift */ = {isa = PBXFileReference; lastKnownFileType = sourcecode.swift; path = Export.swift; sourceTree = "<group>"; };
		9BF32EAD2CECCACF005977E2 /* FQN.swift */ = {isa = PBXFileReference; lastKnownFileType = sourcecode.swift; path = FQN.swift; sourceTree = "<group>"; };
		9BF32EAE2CECCACF005977E2 /* Get.swift */ = {isa = PBXFileReference; lastKnownFileType = sourcecode.swift; path = Get.swift; sourceTree = "<group>"; };
		9BF32EAF2CECCACF005977E2 /* Import.swift */ = {isa = PBXFileReference; lastKnownFileType = sourcecode.swift; path = Import.swift; sourceTree = "<group>"; };
		9BF32EB02CECCACF005977E2 /* IP.swift */ = {isa = PBXFileReference; lastKnownFileType = sourcecode.swift; path = IP.swift; sourceTree = "<group>"; };
		9BF32EB12CECCACF005977E2 /* Launch.swift */ = {isa = PBXFileReference; lastKnownFileType = sourcecode.swift; path = Launch.swift; sourceTree = "<group>"; };
		9BF32EB22CECCACF005977E2 /* List.swift */ = {isa = PBXFileReference; lastKnownFileType = sourcecode.swift; path = List.swift; sourceTree = "<group>"; };
		9BF32EB32CECCACF005977E2 /* Login.swift */ = {isa = PBXFileReference; lastKnownFileType = sourcecode.swift; path = Login.swift; sourceTree = "<group>"; };
		9BF32EB42CECCACF005977E2 /* Logout.swift */ = {isa = PBXFileReference; lastKnownFileType = sourcecode.swift; path = Logout.swift; sourceTree = "<group>"; };
		9BF32EB52CECCACF005977E2 /* Prune.swift */ = {isa = PBXFileReference; lastKnownFileType = sourcecode.swift; path = Prune.swift; sourceTree = "<group>"; };
		9BF32EB62CECCACF005977E2 /* Pull.swift */ = {isa = PBXFileReference; lastKnownFileType = sourcecode.swift; path = Pull.swift; sourceTree = "<group>"; };
		9BF32EB72CECCACF005977E2 /* Push.swift */ = {isa = PBXFileReference; lastKnownFileType = sourcecode.swift; path = Push.swift; sourceTree = "<group>"; };
		9BF32EB82CECCACF005977E2 /* Rename.swift */ = {isa = PBXFileReference; lastKnownFileType = sourcecode.swift; path = Rename.swift; sourceTree = "<group>"; };
		9BF32EB92CECCACF005977E2 /* Set.swift */ = {isa = PBXFileReference; lastKnownFileType = sourcecode.swift; path = Set.swift; sourceTree = "<group>"; };
		9BF32EBA2CECCACF005977E2 /* Start.swift */ = {isa = PBXFileReference; lastKnownFileType = sourcecode.swift; path = Start.swift; sourceTree = "<group>"; };
		9BF32EBB2CECCACF005977E2 /* Stop.swift */ = {isa = PBXFileReference; lastKnownFileType = sourcecode.swift; path = Stop.swift; sourceTree = "<group>"; };
		9BF32EBC2CECCACF005977E2 /* Suspend.swift */ = {isa = PBXFileReference; lastKnownFileType = sourcecode.swift; path = Suspend.swift; sourceTree = "<group>"; };
		9BF32EC42CECCACF005977E2 /* Root.swift */ = {isa = PBXFileReference; lastKnownFileType = sourcecode.swift; path = Root.swift; sourceTree = "<group>"; };
/* End PBXFileReference section */

/* Begin PBXFrameworksBuildPhase section */
		9B7E28CC2CEDE96E00E270D0 /* Frameworks */ = {
			isa = PBXFrameworksBuildPhase;
			buildActionMask = 2147483647;
			files = (
				9B7E29442CEDFF7500E270D0 /* NIOSSL in Frameworks */,
				9B7E29622CEE000800E270D0 /* HashTreeCollections in Frameworks */,
				9B7E296C2CEE007D00E270D0 /* Virtualization.framework in Frameworks */,
				9B7E29602CEE000800E270D0 /* DequeModule in Frameworks */,
				9B7E290C2CEDFDD300E270D0 /* NIOConcurrencyHelpers in Frameworks */,
				9B7E29072CEDFD9200E270D0 /* GRPCReflectionService in Frameworks */,
				9B7E290A2CEDFDD300E270D0 /* NIO in Frameworks */,
				9B7E29012CEDFD4200E270D0 /* ShellOut in Frameworks */,
				9B7E29122CEDFDD300E270D0 /* NIOFoundationCompat in Frameworks */,
				9B7E28FE2CEDFCF000E270D0 /* Atomics in Frameworks */,
				9B7E295C2CEE000800E270D0 /* BitCollections in Frameworks */,
				9B7E29642CEE000800E270D0 /* HeapModule in Frameworks */,
				9B7E296E2CEE2A3B00E270D0 /* ArgumentParser in Frameworks */,
				9B7E29052CEDFD9200E270D0 /* GRPC in Frameworks */,
				9B7E29032CEDFD9200E270D0 /* CGRPCZlib in Frameworks */,
				9B7E29672CEE002700E270D0 /* SwiftProtobuf in Frameworks */,
				9B7E295E2CEE000800E270D0 /* Collections in Frameworks */,
				9B7E29512CEDFFDC00E270D0 /* NIOExtras in Frameworks */,
				9B7E28FB2CEDFCB200E270D0 /* Yams in Frameworks */,
				9B7E28F82CEDFC9400E270D0 /* ISO9660 in Frameworks */,
				9B7E29102CEDFDD300E270D0 /* NIOEmbedded in Frameworks */,
			);
			runOnlyForDeploymentPostprocessing = 0;
		};
		9BF32E992CECCA85005977E2 /* Frameworks */ = {
			isa = PBXFrameworksBuildPhase;
			buildActionMask = 2147483647;
			files = (
				9BF32EE32CECCAF2005977E2 /* ArgumentParser in Frameworks */,
				9BF32EEA2CECCB32005977E2 /* GRPCReflectionService in Frameworks */,
				9BF32EED2CECD15B005977E2 /* SwiftDate in Frameworks */,
				9BF32EE62CECCB32005977E2 /* CGRPCZlib in Frameworks */,
				9BF32EE82CECCB32005977E2 /* GRPC in Frameworks */,
			);
			runOnlyForDeploymentPostprocessing = 0;
		};
/* End PBXFrameworksBuildPhase section */

/* Begin PBXGroup section */
		9B7E28C62CEDE91B00E270D0 /* Grpc */ = {
			isa = PBXGroup;
			children = (
				9B7E28E52CEDF96C00E270D0 /* service.swift */,
				9B7E28C12CEDE91B00E270D0 /* generate.sh */,
				9B7E28C22CEDE91B00E270D0 /* service.proto */,
				9B7E28C32CEDE91B00E270D0 /* service.grpc.swift */,
				9B7E28C42CEDE91B00E270D0 /* service.pb.swift */,
			);
			name = Grpc;
			path = Sources/Grpc;
			sourceTree = SOURCE_ROOT;
		};
		9B7E28DB2CEDE9AF00E270D0 /* CloudImage */ = {
			isa = PBXGroup;
			children = (
				9B7E28D62CEDE9AF00E270D0 /* Certificate.swift */,
				9B7E28D72CEDE9AF00E270D0 /* CloudImageConverter.swift */,
				9B7E28D82CEDE9AF00E270D0 /* CloudInit.swift */,
				9B7E28D92CEDE9AF00E270D0 /* ImageCache.swift */,
				9B7E28DA2CEDE9AF00E270D0 /* SimpleStreams.swift */,
			);
			path = CloudImage;
			sourceTree = "<group>";
		};
		9B7E28DD2CEDE9AF00E270D0 /* tartd */ = {
			isa = PBXGroup;
			children = (
				9B7E29292CEDFE8100E270D0 /* Commands */,
				9B7E28DB2CEDE9AF00E270D0 /* CloudImage */,
				9B7E28E82CEDFC2800E270D0 /* Format.swift */,
				9B7E28E92CEDFC2800E270D0 /* Root.swift */,
				9B7E28EA2CEDFC2800E270D0 /* RuntimeError.swift */,
				9B7E28EB2CEDFC2800E270D0 /* Shell.swift */,
				9B7E28EC2CEDFC2800E270D0 /* VM.swift */,
				9B7E28ED2CEDFC2800E270D0 /* VMConfig.swift */,
				9B7E28EE2CEDFC2800E270D0 /* VMDirectory.swift */,
			);
			name = tartd;
			path = Sources/tartd;
			sourceTree = "<group>";
		};
		9B7E29292CEDFE8100E270D0 /* Commands */ = {
			isa = PBXGroup;
			children = (
				9B7E29132CEDFE8100E270D0 /* Build.swift */,
				9B7E29142CEDFE8100E270D0 /* Clone.swift */,
				9B7E29152CEDFE8100E270D0 /* Create.swift */,
				9B7E29162CEDFE8100E270D0 /* Delete.swift */,
				9B7E29172CEDFE8100E270D0 /* Export.swift */,
				9B7E29182CEDFE8100E270D0 /* FQN.swift */,
				9B7E29192CEDFE8100E270D0 /* Get.swift */,
				9B7E291A2CEDFE8100E270D0 /* Import.swift */,
				9B7E291B2CEDFE8100E270D0 /* IP.swift */,
				9B7E291C2CEDFE8100E270D0 /* Launch.swift */,
				9B7E291D2CEDFE8100E270D0 /* List.swift */,
				9B7E291E2CEDFE8100E270D0 /* Login.swift */,
				9B7E291F2CEDFE8100E270D0 /* Logout.swift */,
				9B7E29202CEDFE8100E270D0 /* Prune.swift */,
				9B7E29212CEDFE8100E270D0 /* Pull.swift */,
				9B7E29222CEDFE8100E270D0 /* Push.swift */,
				9B7E29232CEDFE8100E270D0 /* Rename.swift */,
				9B7E29242CEDFE8100E270D0 /* Service.swift */,
				9B7E29252CEDFE8100E270D0 /* Set.swift */,
				9B7E29262CEDFE8100E270D0 /* Start.swift */,
				9B7E29272CEDFE8100E270D0 /* Stop.swift */,
				9B7E29282CEDFE8100E270D0 /* Suspend.swift */,
			);
			path = Commands;
			sourceTree = "<group>";
		};
		9B7E29682CEE006800E270D0 /* Frameworks */ = {
			isa = PBXGroup;
			children = (
				9B7E296B2CEE007D00E270D0 /* Virtualization.framework */,
				9B7E29692CEE006800E270D0 /* CryptoKit.framework */,
			);
			name = Frameworks;
			sourceTree = "<group>";
		};
		9BF32E932CECCA85005977E2 = {
			isa = PBXGroup;
			children = (
				9B7E28C62CEDE91B00E270D0 /* Grpc */,
				9BF32E9D2CECCA85005977E2 /* Products */,
				9BF32EC52CECCACF005977E2 /* tartctl */,
				9B7E28DD2CEDE9AF00E270D0 /* tartd */,
				9B7E29682CEE006800E270D0 /* Frameworks */,
			);
			sourceTree = "<group>";
		};
		9BF32E9D2CECCA85005977E2 /* Products */ = {
			isa = PBXGroup;
			children = (
				9BF32E9C2CECCA85005977E2 /* tartctl */,
				9B7E28CF2CEDE96E00E270D0 /* tartdaemon */,
			);
			name = Products;
			sourceTree = "<group>";
		};
		9BF32EA72CECCACF005977E2 /* CI */ = {
			isa = PBXGroup;
			children = (
				9BF32EA62CECCACF005977E2 /* CI.swift */,
			);
			path = CI;
			sourceTree = "<group>";
		};
		9BF32EBD2CECCACF005977E2 /* Commands */ = {
			isa = PBXGroup;
			children = (
				9BF32EA82CECCACF005977E2 /* Build.swift */,
				9BF32EA92CECCACF005977E2 /* Clone.swift */,
				9BF32EAA2CECCACF005977E2 /* Create.swift */,
				9BF32EAB2CECCACF005977E2 /* Delete.swift */,
				9BF32EAC2CECCACF005977E2 /* Export.swift */,
				9BF32EAD2CECCACF005977E2 /* FQN.swift */,
				9BF32EAE2CECCACF005977E2 /* Get.swift */,
				9BF32EAF2CECCACF005977E2 /* Import.swift */,
				9BF32EB02CECCACF005977E2 /* IP.swift */,
				9BF32EB12CECCACF005977E2 /* Launch.swift */,
				9BF32EB22CECCACF005977E2 /* List.swift */,
				9BF32EB32CECCACF005977E2 /* Login.swift */,
				9BF32EB42CECCACF005977E2 /* Logout.swift */,
				9BF32EB52CECCACF005977E2 /* Prune.swift */,
				9BF32EB62CECCACF005977E2 /* Pull.swift */,
				9BF32EB72CECCACF005977E2 /* Push.swift */,
				9BF32EB82CECCACF005977E2 /* Rename.swift */,
				9BF32EB92CECCACF005977E2 /* Set.swift */,
				9BF32EBA2CECCACF005977E2 /* Start.swift */,
				9BF32EBB2CECCACF005977E2 /* Stop.swift */,
				9BF32EBC2CECCACF005977E2 /* Suspend.swift */,
			);
			path = Commands;
			sourceTree = "<group>";
		};
		9BF32EC52CECCACF005977E2 /* tartctl */ = {
			isa = PBXGroup;
			children = (
				9BF32EA72CECCACF005977E2 /* CI */,
				9BF32EBD2CECCACF005977E2 /* Commands */,
				9BF32EC42CECCACF005977E2 /* Root.swift */,
			);
			name = tartctl;
			path = Sources/tartctl;
			sourceTree = "<group>";
		};
/* End PBXGroup section */

/* Begin PBXNativeTarget section */
		9B7E28CE2CEDE96E00E270D0 /* tartdaemon */ = {
			isa = PBXNativeTarget;
			buildConfigurationList = 9B7E28D32CEDE96E00E270D0 /* Build configuration list for PBXNativeTarget "tartdaemon" */;
			buildPhases = (
				9B7E28CB2CEDE96E00E270D0 /* Sources */,
				9B7E28CC2CEDE96E00E270D0 /* Frameworks */,
				9B7E28CD2CEDE96E00E270D0 /* CopyFiles */,
			);
			buildRules = (
			);
			dependencies = (
			);
			name = tartdaemon;
			packageProductDependencies = (
				9B7E28F72CEDFC9400E270D0 /* ISO9660 */,
				9B7E28FA2CEDFCB200E270D0 /* Yams */,
				9B7E28FD2CEDFCF000E270D0 /* Atomics */,
				9B7E29002CEDFD4200E270D0 /* ShellOut */,
				9B7E29022CEDFD9200E270D0 /* CGRPCZlib */,
				9B7E29042CEDFD9200E270D0 /* GRPC */,
				9B7E29062CEDFD9200E270D0 /* GRPCReflectionService */,
				9B7E29092CEDFDD300E270D0 /* NIO */,
				9B7E290B2CEDFDD300E270D0 /* NIOConcurrencyHelpers */,
				9B7E290F2CEDFDD300E270D0 /* NIOEmbedded */,
				9B7E29112CEDFDD300E270D0 /* NIOFoundationCompat */,
				9B7E29432CEDFF7500E270D0 /* NIOSSL */,
				9B7E29502CEDFFDC00E270D0 /* NIOExtras */,
				9B7E295B2CEE000800E270D0 /* BitCollections */,
				9B7E295D2CEE000800E270D0 /* Collections */,
				9B7E295F2CEE000800E270D0 /* DequeModule */,
				9B7E29612CEE000800E270D0 /* HashTreeCollections */,
				9B7E29632CEE000800E270D0 /* HeapModule */,
				9B7E29662CEE002700E270D0 /* SwiftProtobuf */,
				9B7E296D2CEE2A3B00E270D0 /* ArgumentParser */,
			);
			productName = tartdaemon;
			productReference = 9B7E28CF2CEDE96E00E270D0 /* tartdaemon */;
			productType = "com.apple.product-type.tool";
		};
		9BF32E9B2CECCA85005977E2 /* tartctl */ = {
			isa = PBXNativeTarget;
			buildConfigurationList = 9BF32EA32CECCA85005977E2 /* Build configuration list for PBXNativeTarget "tartctl" */;
			buildPhases = (
				9BF32E982CECCA85005977E2 /* Sources */,
				9BF32E992CECCA85005977E2 /* Frameworks */,
				9BF32E9A2CECCA85005977E2 /* CopyFiles */,
			);
			buildRules = (
			);
			dependencies = (
			);
			name = tartctl;
			packageProductDependencies = (
				9BF32EE22CECCAF2005977E2 /* ArgumentParser */,
				9BF32EE52CECCB32005977E2 /* CGRPCZlib */,
				9BF32EE72CECCB32005977E2 /* GRPC */,
				9BF32EE92CECCB32005977E2 /* GRPCReflectionService */,
				9BF32EEC2CECD15B005977E2 /* SwiftDate */,
			);
			productName = tartctl;
			productReference = 9BF32E9C2CECCA85005977E2 /* tartctl */;
			productType = "com.apple.product-type.tool";
		};
/* End PBXNativeTarget section */

/* Begin PBXProject section */
		9BF32E942CECCA85005977E2 /* Project object */ = {
			isa = PBXProject;
			attributes = {
				BuildIndependentTargetsInParallel = 1;
				LastSwiftUpdateCheck = 1610;
				LastUpgradeCheck = 1610;
				TargetAttributes = {
					9B7E28CE2CEDE96E00E270D0 = {
						CreatedOnToolsVersion = 16.1;
					};
					9BF32E9B2CECCA85005977E2 = {
						CreatedOnToolsVersion = 16.1;
					};
				};
			};
			buildConfigurationList = 9BF32E972CECCA85005977E2 /* Build configuration list for PBXProject "tarthelper" */;
			developmentRegion = en;
			hasScannedForEncodings = 0;
			knownRegions = (
				en,
				Base,
			);
			mainGroup = 9BF32E932CECCA85005977E2;
			minimizedProjectReferenceProxies = 1;
			packageReferences = (
				9BF32EE12CECCAF2005977E2 /* XCRemoteSwiftPackageReference "swift-argument-parser" */,
				9BF32EE42CECCB32005977E2 /* XCRemoteSwiftPackageReference "grpc-swift" */,
				9BF32EEB2CECD15B005977E2 /* XCRemoteSwiftPackageReference "SwiftDate" */,
				9B7E28F62CEDFC9400E270D0 /* XCRemoteSwiftPackageReference "iso9660-swift" */,
				9B7E28F92CEDFCB200E270D0 /* XCRemoteSwiftPackageReference "Yams" */,
				9B7E28FC2CEDFCF000E270D0 /* XCRemoteSwiftPackageReference "swift-atomics" */,
				9B7E28FF2CEDFD4200E270D0 /* XCRemoteSwiftPackageReference "ShellOut" */,
				9B7E29082CEDFDD300E270D0 /* XCRemoteSwiftPackageReference "swift-nio" */,
				9B7E29402CEDFEB400E270D0 /* XCRemoteSwiftPackageReference "swift-certificates" */,
				9B7E29412CEDFF4E00E270D0 /* XCRemoteSwiftPackageReference "swift-crypto" */,
				9B7E29422CEDFF7500E270D0 /* XCRemoteSwiftPackageReference "swift-nio-ssl" */,
				9B7E294F2CEDFFDC00E270D0 /* XCRemoteSwiftPackageReference "swift-nio-extras" */,
				9B7E295A2CEE000800E270D0 /* XCRemoteSwiftPackageReference "swift-collections" */,
				9B7E29652CEE002700E270D0 /* XCRemoteSwiftPackageReference "swift-protobuf" */,
			);
			preferredProjectObjectVersion = 77;
			productRefGroup = 9BF32E9D2CECCA85005977E2 /* Products */;
			projectDirPath = "";
			projectRoot = "";
			targets = (
				9BF32E9B2CECCA85005977E2 /* tartctl */,
				9B7E28CE2CEDE96E00E270D0 /* tartdaemon */,
			);
		};
/* End PBXProject section */

/* Begin PBXSourcesBuildPhase section */
		9B7E28CB2CEDE96E00E270D0 /* Sources */ = {
			isa = PBXSourcesBuildPhase;
			buildActionMask = 2147483647;
			files = (
				9B7E28DE2CEDE9AF00E270D0 /* ImageCache.swift in Sources */,
				9B7E292A2CEDFE8100E270D0 /* Stop.swift in Sources */,
				9B7E292B2CEDFE8100E270D0 /* Import.swift in Sources */,
				9B7E292C2CEDFE8100E270D0 /* List.swift in Sources */,
				9B7E292D2CEDFE8100E270D0 /* Launch.swift in Sources */,
				9B7E292E2CEDFE8100E270D0 /* Rename.swift in Sources */,
				9B7E292F2CEDFE8100E270D0 /* Start.swift in Sources */,
				9B7E29302CEDFE8100E270D0 /* IP.swift in Sources */,
				9B7E29312CEDFE8100E270D0 /* Logout.swift in Sources */,
				9B7E29322CEDFE8100E270D0 /* Create.swift in Sources */,
				9B7E29332CEDFE8100E270D0 /* Service.swift in Sources */,
				9B7E29342CEDFE8100E270D0 /* Export.swift in Sources */,
				9B7E29352CEDFE8100E270D0 /* Build.swift in Sources */,
				9B7E29362CEDFE8100E270D0 /* FQN.swift in Sources */,
				9B7E29372CEDFE8100E270D0 /* Delete.swift in Sources */,
				9B7E29382CEDFE8100E270D0 /* Set.swift in Sources */,
				9B7E29392CEDFE8100E270D0 /* Prune.swift in Sources */,
				9B7E293A2CEDFE8100E270D0 /* Pull.swift in Sources */,
				9B7E293B2CEDFE8100E270D0 /* Push.swift in Sources */,
				9B7E293C2CEDFE8100E270D0 /* Get.swift in Sources */,
				9B7E293D2CEDFE8100E270D0 /* Clone.swift in Sources */,
				9B7E293E2CEDFE8100E270D0 /* Login.swift in Sources */,
				9B7E293F2CEDFE8100E270D0 /* Suspend.swift in Sources */,
				9B7E28DF2CEDE9AF00E270D0 /* CloudInit.swift in Sources */,
				9B7E28E72CEDF96C00E270D0 /* service.swift in Sources */,
				9B7E28E02CEDE9AF00E270D0 /* CloudImageConverter.swift in Sources */,
				9B7E28E12CEDE9AF00E270D0 /* Certificate.swift in Sources */,
				9B7E28EF2CEDFC2800E270D0 /* Root.swift in Sources */,
				9B7E28F02CEDFC2800E270D0 /* VMConfig.swift in Sources */,
				9B7E28F12CEDFC2800E270D0 /* Shell.swift in Sources */,
				9B7E28F22CEDFC2800E270D0 /* RuntimeError.swift in Sources */,
				9B7E28F32CEDFC2800E270D0 /* Format.swift in Sources */,
				9B7E28F42CEDFC2800E270D0 /* VM.swift in Sources */,
				9B7E28F52CEDFC2800E270D0 /* VMDirectory.swift in Sources */,
				9B7E28E32CEDE9AF00E270D0 /* SimpleStreams.swift in Sources */,
			);
			runOnlyForDeploymentPostprocessing = 0;
		};
		9BF32E982CECCA85005977E2 /* Sources */ = {
			isa = PBXSourcesBuildPhase;
			buildActionMask = 2147483647;
			files = (
				9BF32EC62CECCACF005977E2 /* Set.swift in Sources */,
				9BF32EC72CECCACF005977E2 /* Suspend.swift in Sources */,
				9BF32EC92CECCACF005977E2 /* IP.swift in Sources */,
				9BF32ECB2CECCACF005977E2 /* Start.swift in Sources */,
				9BF32ECC2CECCACF005977E2 /* CI.swift in Sources */,
				9BF32ECD2CECCACF005977E2 /* Create.swift in Sources */,
				9BF32ECF2CECCACF005977E2 /* Root.swift in Sources */,
				9B7E28C72CEDE91B00E270D0 /* service.proto in Sources */,
				9B7E28E62CEDF96C00E270D0 /* service.swift in Sources */,
				9B7E28C92CEDE91B00E270D0 /* service.grpc.swift in Sources */,
				9B7E28CA2CEDE91B00E270D0 /* service.pb.swift in Sources */,
				9BF32ED02CECCACF005977E2 /* Delete.swift in Sources */,
				9BF32ED12CECCACF005977E2 /* Stop.swift in Sources */,
				9BF32ED22CECCACF005977E2 /* Get.swift in Sources */,
				9BF32ED32CECCACF005977E2 /* Login.swift in Sources */,
				9BF32ED52CECCACF005977E2 /* Pull.swift in Sources */,
				9BF32ED62CECCACF005977E2 /* Clone.swift in Sources */,
				9BF32ED72CECCACF005977E2 /* Prune.swift in Sources */,
				9BF32ED82CECCACF005977E2 /* Export.swift in Sources */,
				9BF32ED92CECCACF005977E2 /* Launch.swift in Sources */,
				9BF32EDA2CECCACF005977E2 /* Push.swift in Sources */,
				9BF32EDB2CECCACF005977E2 /* Build.swift in Sources */,
				9BF32EDC2CECCACF005977E2 /* FQN.swift in Sources */,
				9BF32EDD2CECCACF005977E2 /* Logout.swift in Sources */,
				9BF32EDE2CECCACF005977E2 /* Import.swift in Sources */,
				9BF32EDF2CECCACF005977E2 /* Rename.swift in Sources */,
				9BF32EE02CECCACF005977E2 /* List.swift in Sources */,
			);
			runOnlyForDeploymentPostprocessing = 0;
		};
/* End PBXSourcesBuildPhase section */

/* Begin XCBuildConfiguration section */
		9B7E28D42CEDE96E00E270D0 /* Debug */ = {
			isa = XCBuildConfiguration;
			buildSettings = {
				CODE_SIGN_STYLE = Automatic;
				DEVELOPMENT_TEAM = LE7988HTRN;
				ENABLE_HARDENED_RUNTIME = YES;
				PRODUCT_NAME = "$(TARGET_NAME)";
				SWIFT_VERSION = 5.0;
			};
			name = Debug;
		};
		9B7E28D52CEDE96E00E270D0 /* Release */ = {
			isa = XCBuildConfiguration;
			buildSettings = {
				CODE_SIGN_STYLE = Automatic;
				DEVELOPMENT_TEAM = LE7988HTRN;
				ENABLE_HARDENED_RUNTIME = YES;
				PRODUCT_NAME = "$(TARGET_NAME)";
				SWIFT_VERSION = 5.0;
			};
			name = Release;
		};
		9BF32EA12CECCA85005977E2 /* Debug */ = {
			isa = XCBuildConfiguration;
			buildSettings = {
				ALWAYS_SEARCH_USER_PATHS = NO;
				ASSETCATALOG_COMPILER_GENERATE_SWIFT_ASSET_SYMBOL_EXTENSIONS = YES;
				CLANG_ANALYZER_NONNULL = YES;
				CLANG_ANALYZER_NUMBER_OBJECT_CONVERSION = YES_AGGRESSIVE;
				CLANG_CXX_LANGUAGE_STANDARD = "gnu++20";
				CLANG_ENABLE_MODULES = YES;
				CLANG_ENABLE_OBJC_ARC = YES;
				CLANG_ENABLE_OBJC_WEAK = YES;
				CLANG_WARN_BLOCK_CAPTURE_AUTORELEASING = YES;
				CLANG_WARN_BOOL_CONVERSION = YES;
				CLANG_WARN_COMMA = YES;
				CLANG_WARN_CONSTANT_CONVERSION = YES;
				CLANG_WARN_DEPRECATED_OBJC_IMPLEMENTATIONS = YES;
				CLANG_WARN_DIRECT_OBJC_ISA_USAGE = YES_ERROR;
				CLANG_WARN_DOCUMENTATION_COMMENTS = YES;
				CLANG_WARN_EMPTY_BODY = YES;
				CLANG_WARN_ENUM_CONVERSION = YES;
				CLANG_WARN_INFINITE_RECURSION = YES;
				CLANG_WARN_INT_CONVERSION = YES;
				CLANG_WARN_NON_LITERAL_NULL_CONVERSION = YES;
				CLANG_WARN_OBJC_IMPLICIT_RETAIN_SELF = YES;
				CLANG_WARN_OBJC_LITERAL_CONVERSION = YES;
				CLANG_WARN_OBJC_ROOT_CLASS = YES_ERROR;
				CLANG_WARN_QUOTED_INCLUDE_IN_FRAMEWORK_HEADER = YES;
				CLANG_WARN_RANGE_LOOP_ANALYSIS = YES;
				CLANG_WARN_STRICT_PROTOTYPES = YES;
				CLANG_WARN_SUSPICIOUS_MOVE = YES;
				CLANG_WARN_UNGUARDED_AVAILABILITY = YES_AGGRESSIVE;
				CLANG_WARN_UNREACHABLE_CODE = YES;
				CLANG_WARN__DUPLICATE_METHOD_MATCH = YES;
				COPY_PHASE_STRIP = NO;
				DEBUG_INFORMATION_FORMAT = dwarf;
				ENABLE_STRICT_OBJC_MSGSEND = YES;
				ENABLE_TESTABILITY = YES;
				ENABLE_USER_SCRIPT_SANDBOXING = YES;
				GCC_C_LANGUAGE_STANDARD = gnu17;
				GCC_DYNAMIC_NO_PIC = NO;
				GCC_NO_COMMON_BLOCKS = YES;
				GCC_OPTIMIZATION_LEVEL = 0;
				GCC_PREPROCESSOR_DEFINITIONS = (
					"DEBUG=1",
					"$(inherited)",
				);
				GCC_WARN_64_TO_32_BIT_CONVERSION = YES;
				GCC_WARN_ABOUT_RETURN_TYPE = YES_ERROR;
				GCC_WARN_UNDECLARED_SELECTOR = YES;
				GCC_WARN_UNINITIALIZED_AUTOS = YES_AGGRESSIVE;
				GCC_WARN_UNUSED_FUNCTION = YES;
				GCC_WARN_UNUSED_VARIABLE = YES;
				LOCALIZATION_PREFERS_STRING_CATALOGS = YES;
				MACOSX_DEPLOYMENT_TARGET = 15.1;
				MTL_ENABLE_DEBUG_INFO = INCLUDE_SOURCE;
				MTL_FAST_MATH = YES;
				ONLY_ACTIVE_ARCH = YES;
				SDKROOT = macosx;
				SWIFT_ACTIVE_COMPILATION_CONDITIONS = "DEBUG $(inherited)";
				SWIFT_OPTIMIZATION_LEVEL = "-Onone";
			};
			name = Debug;
		};
		9BF32EA22CECCA85005977E2 /* Release */ = {
			isa = XCBuildConfiguration;
			buildSettings = {
				ALWAYS_SEARCH_USER_PATHS = NO;
				ASSETCATALOG_COMPILER_GENERATE_SWIFT_ASSET_SYMBOL_EXTENSIONS = YES;
				CLANG_ANALYZER_NONNULL = YES;
				CLANG_ANALYZER_NUMBER_OBJECT_CONVERSION = YES_AGGRESSIVE;
				CLANG_CXX_LANGUAGE_STANDARD = "gnu++20";
				CLANG_ENABLE_MODULES = YES;
				CLANG_ENABLE_OBJC_ARC = YES;
				CLANG_ENABLE_OBJC_WEAK = YES;
				CLANG_WARN_BLOCK_CAPTURE_AUTORELEASING = YES;
				CLANG_WARN_BOOL_CONVERSION = YES;
				CLANG_WARN_COMMA = YES;
				CLANG_WARN_CONSTANT_CONVERSION = YES;
				CLANG_WARN_DEPRECATED_OBJC_IMPLEMENTATIONS = YES;
				CLANG_WARN_DIRECT_OBJC_ISA_USAGE = YES_ERROR;
				CLANG_WARN_DOCUMENTATION_COMMENTS = YES;
				CLANG_WARN_EMPTY_BODY = YES;
				CLANG_WARN_ENUM_CONVERSION = YES;
				CLANG_WARN_INFINITE_RECURSION = YES;
				CLANG_WARN_INT_CONVERSION = YES;
				CLANG_WARN_NON_LITERAL_NULL_CONVERSION = YES;
				CLANG_WARN_OBJC_IMPLICIT_RETAIN_SELF = YES;
				CLANG_WARN_OBJC_LITERAL_CONVERSION = YES;
				CLANG_WARN_OBJC_ROOT_CLASS = YES_ERROR;
				CLANG_WARN_QUOTED_INCLUDE_IN_FRAMEWORK_HEADER = YES;
				CLANG_WARN_RANGE_LOOP_ANALYSIS = YES;
				CLANG_WARN_STRICT_PROTOTYPES = YES;
				CLANG_WARN_SUSPICIOUS_MOVE = YES;
				CLANG_WARN_UNGUARDED_AVAILABILITY = YES_AGGRESSIVE;
				CLANG_WARN_UNREACHABLE_CODE = YES;
				CLANG_WARN__DUPLICATE_METHOD_MATCH = YES;
				COPY_PHASE_STRIP = NO;
				DEBUG_INFORMATION_FORMAT = "dwarf-with-dsym";
				ENABLE_NS_ASSERTIONS = NO;
				ENABLE_STRICT_OBJC_MSGSEND = YES;
				ENABLE_USER_SCRIPT_SANDBOXING = YES;
				GCC_C_LANGUAGE_STANDARD = gnu17;
				GCC_NO_COMMON_BLOCKS = YES;
				GCC_WARN_64_TO_32_BIT_CONVERSION = YES;
				GCC_WARN_ABOUT_RETURN_TYPE = YES_ERROR;
				GCC_WARN_UNDECLARED_SELECTOR = YES;
				GCC_WARN_UNINITIALIZED_AUTOS = YES_AGGRESSIVE;
				GCC_WARN_UNUSED_FUNCTION = YES;
				GCC_WARN_UNUSED_VARIABLE = YES;
				LOCALIZATION_PREFERS_STRING_CATALOGS = YES;
				MACOSX_DEPLOYMENT_TARGET = 15.1;
				MTL_ENABLE_DEBUG_INFO = NO;
				MTL_FAST_MATH = YES;
				SDKROOT = macosx;
				SWIFT_COMPILATION_MODE = wholemodule;
			};
			name = Release;
		};
		9BF32EA42CECCA85005977E2 /* Debug */ = {
			isa = XCBuildConfiguration;
			buildSettings = {
				CODE_SIGN_STYLE = Automatic;
				DEVELOPMENT_TEAM = LE7988HTRN;
				ENABLE_HARDENED_RUNTIME = YES;
				PRODUCT_NAME = "$(TARGET_NAME)";
				SWIFT_VERSION = 5.0;
			};
			name = Debug;
		};
		9BF32EA52CECCA85005977E2 /* Release */ = {
			isa = XCBuildConfiguration;
			buildSettings = {
				CODE_SIGN_STYLE = Automatic;
				DEVELOPMENT_TEAM = LE7988HTRN;
				ENABLE_HARDENED_RUNTIME = YES;
				PRODUCT_NAME = "$(TARGET_NAME)";
				SWIFT_VERSION = 5.0;
			};
			name = Release;
		};
/* End XCBuildConfiguration section */

/* Begin XCConfigurationList section */
		9B7E28D32CEDE96E00E270D0 /* Build configuration list for PBXNativeTarget "tartdaemon" */ = {
			isa = XCConfigurationList;
			buildConfigurations = (
				9B7E28D42CEDE96E00E270D0 /* Debug */,
				9B7E28D52CEDE96E00E270D0 /* Release */,
			);
			defaultConfigurationIsVisible = 0;
			defaultConfigurationName = Release;
		};
		9BF32E972CECCA85005977E2 /* Build configuration list for PBXProject "tarthelper" */ = {
			isa = XCConfigurationList;
			buildConfigurations = (
				9BF32EA12CECCA85005977E2 /* Debug */,
				9BF32EA22CECCA85005977E2 /* Release */,
			);
			defaultConfigurationIsVisible = 0;
			defaultConfigurationName = Release;
		};
		9BF32EA32CECCA85005977E2 /* Build configuration list for PBXNativeTarget "tartctl" */ = {
			isa = XCConfigurationList;
			buildConfigurations = (
				9BF32EA42CECCA85005977E2 /* Debug */,
				9BF32EA52CECCA85005977E2 /* Release */,
			);
			defaultConfigurationIsVisible = 0;
			defaultConfigurationName = Release;
		};
/* End XCConfigurationList section */

/* Begin XCRemoteSwiftPackageReference section */
		9B7E28F62CEDFC9400E270D0 /* XCRemoteSwiftPackageReference "iso9660-swift" */ = {
			isa = XCRemoteSwiftPackageReference;
			repositoryURL = "https://github.com/amodm/iso9660-swift";
			requirement = {
				branch = main;
				kind = branch;
			};
		};
		9B7E28F92CEDFCB200E270D0 /* XCRemoteSwiftPackageReference "Yams" */ = {
			isa = XCRemoteSwiftPackageReference;
			repositoryURL = "https://github.com/jpsim/Yams";
			requirement = {
				kind = exactVersion;
				version = 5.1.3;
			};
		};
		9B7E28FC2CEDFCF000E270D0 /* XCRemoteSwiftPackageReference "swift-atomics" */ = {
			isa = XCRemoteSwiftPackageReference;
			repositoryURL = "https://github.com/apple/swift-atomics.git";
			requirement = {
				kind = exactVersion;
				version = 1.2.0;
			};
		};
		9B7E28FF2CEDFD4200E270D0 /* XCRemoteSwiftPackageReference "ShellOut" */ = {
			isa = XCRemoteSwiftPackageReference;
			repositoryURL = "https://github.com/john-mueller/ShellOut";
			requirement = {
				branch = "swift-5.1";
				kind = branch;
			};
		};
		9B7E29082CEDFDD300E270D0 /* XCRemoteSwiftPackageReference "swift-nio" */ = {
			isa = XCRemoteSwiftPackageReference;
			repositoryURL = "https://github.com/apple/swift-nio.git";
			requirement = {
				kind = exactVersion;
				version = 2.65.0;
			};
		};
		9B7E29402CEDFEB400E270D0 /* XCRemoteSwiftPackageReference "swift-certificates" */ = {
			isa = XCRemoteSwiftPackageReference;
			repositoryURL = "https://github.com/apple/swift-certificates.git";
			requirement = {
				kind = exactVersion;
				version = 1.6.1;
			};
		};
		9B7E29412CEDFF4E00E270D0 /* XCRemoteSwiftPackageReference "swift-crypto" */ = {
			isa = XCRemoteSwiftPackageReference;
			repositoryURL = "https://github.com/apple/swift-crypto.git";
			requirement = {
				kind = exactVersion;
				version = 3.9.1;
			};
		};
		9B7E29422CEDFF7500E270D0 /* XCRemoteSwiftPackageReference "swift-nio-ssl" */ = {
			isa = XCRemoteSwiftPackageReference;
			repositoryURL = "https://github.com/apple/swift-nio-ssl.git";
			requirement = {
				kind = exactVersion;
				version = 2.23.0;
			};
		};
		9B7E294F2CEDFFDC00E270D0 /* XCRemoteSwiftPackageReference "swift-nio-extras" */ = {
			isa = XCRemoteSwiftPackageReference;
			repositoryURL = "https://github.com/apple/swift-nio-extras.git";
			requirement = {
				kind = exactVersion;
				version = 1.24.1;
			};
		};
		9B7E295A2CEE000800E270D0 /* XCRemoteSwiftPackageReference "swift-collections" */ = {
			isa = XCRemoteSwiftPackageReference;
			repositoryURL = "https://github.com/apple/swift-collections.git";
			requirement = {
				kind = exactVersion;
				version = 1.0.5;
			};
		};
		9B7E29652CEE002700E270D0 /* XCRemoteSwiftPackageReference "swift-protobuf" */ = {
			isa = XCRemoteSwiftPackageReference;
			repositoryURL = "https://github.com/apple/swift-protobuf.git";
			requirement = {
				kind = exactVersion;
				version = 1.28.2;
			};
		};
		9BF32EE12CECCAF2005977E2 /* XCRemoteSwiftPackageReference "swift-argument-parser" */ = {
			isa = XCRemoteSwiftPackageReference;
			repositoryURL = "https://github.com/apple/swift-argument-parser.git";
			requirement = {
				kind = exactVersion;
				version = 1.5.0;
			};
		};
		9BF32EE42CECCB32005977E2 /* XCRemoteSwiftPackageReference "grpc-swift" */ = {
			isa = XCRemoteSwiftPackageReference;
			repositoryURL = "https://github.com/grpc/grpc-swift.git";
			requirement = {
				kind = exactVersion;
				version = 1.24.2;
			};
		};
		9BF32EEB2CECD15B005977E2 /* XCRemoteSwiftPackageReference "SwiftDate" */ = {
			isa = XCRemoteSwiftPackageReference;
			repositoryURL = "https://github.com/malcommac/SwiftDate";
			requirement = {
				kind = exactVersion;
				version = 7.0.0;
			};
		};
/* End XCRemoteSwiftPackageReference section */

/* Begin XCSwiftPackageProductDependency section */
		9B7E28F72CEDFC9400E270D0 /* ISO9660 */ = {
			isa = XCSwiftPackageProductDependency;
			package = 9B7E28F62CEDFC9400E270D0 /* XCRemoteSwiftPackageReference "iso9660-swift" */;
			productName = ISO9660;
		};
		9B7E28FA2CEDFCB200E270D0 /* Yams */ = {
			isa = XCSwiftPackageProductDependency;
			package = 9B7E28F92CEDFCB200E270D0 /* XCRemoteSwiftPackageReference "Yams" */;
			productName = Yams;
		};
		9B7E28FD2CEDFCF000E270D0 /* Atomics */ = {
			isa = XCSwiftPackageProductDependency;
			package = 9B7E28FC2CEDFCF000E270D0 /* XCRemoteSwiftPackageReference "swift-atomics" */;
			productName = Atomics;
		};
		9B7E29002CEDFD4200E270D0 /* ShellOut */ = {
			isa = XCSwiftPackageProductDependency;
			package = 9B7E28FF2CEDFD4200E270D0 /* XCRemoteSwiftPackageReference "ShellOut" */;
			productName = ShellOut;
		};
		9B7E29022CEDFD9200E270D0 /* CGRPCZlib */ = {
			isa = XCSwiftPackageProductDependency;
			package = 9BF32EE42CECCB32005977E2 /* XCRemoteSwiftPackageReference "grpc-swift" */;
			productName = CGRPCZlib;
		};
		9B7E29042CEDFD9200E270D0 /* GRPC */ = {
			isa = XCSwiftPackageProductDependency;
			package = 9BF32EE42CECCB32005977E2 /* XCRemoteSwiftPackageReference "grpc-swift" */;
			productName = GRPC;
		};
		9B7E29062CEDFD9200E270D0 /* GRPCReflectionService */ = {
			isa = XCSwiftPackageProductDependency;
			package = 9BF32EE42CECCB32005977E2 /* XCRemoteSwiftPackageReference "grpc-swift" */;
			productName = GRPCReflectionService;
		};
		9B7E29092CEDFDD300E270D0 /* NIO */ = {
			isa = XCSwiftPackageProductDependency;
			package = 9B7E29082CEDFDD300E270D0 /* XCRemoteSwiftPackageReference "swift-nio" */;
			productName = NIO;
		};
		9B7E290B2CEDFDD300E270D0 /* NIOConcurrencyHelpers */ = {
			isa = XCSwiftPackageProductDependency;
			package = 9B7E29082CEDFDD300E270D0 /* XCRemoteSwiftPackageReference "swift-nio" */;
			productName = NIOConcurrencyHelpers;
		};
		9B7E290F2CEDFDD300E270D0 /* NIOEmbedded */ = {
			isa = XCSwiftPackageProductDependency;
			package = 9B7E29082CEDFDD300E270D0 /* XCRemoteSwiftPackageReference "swift-nio" */;
			productName = NIOEmbedded;
		};
		9B7E29112CEDFDD300E270D0 /* NIOFoundationCompat */ = {
			isa = XCSwiftPackageProductDependency;
			package = 9B7E29082CEDFDD300E270D0 /* XCRemoteSwiftPackageReference "swift-nio" */;
			productName = NIOFoundationCompat;
		};
		9B7E29432CEDFF7500E270D0 /* NIOSSL */ = {
			isa = XCSwiftPackageProductDependency;
			package = 9B7E29422CEDFF7500E270D0 /* XCRemoteSwiftPackageReference "swift-nio-ssl" */;
			productName = NIOSSL;
		};
		9B7E29502CEDFFDC00E270D0 /* NIOExtras */ = {
			isa = XCSwiftPackageProductDependency;
			package = 9B7E294F2CEDFFDC00E270D0 /* XCRemoteSwiftPackageReference "swift-nio-extras" */;
			productName = NIOExtras;
		};
		9B7E295B2CEE000800E270D0 /* BitCollections */ = {
			isa = XCSwiftPackageProductDependency;
			package = 9B7E295A2CEE000800E270D0 /* XCRemoteSwiftPackageReference "swift-collections" */;
			productName = BitCollections;
		};
		9B7E295D2CEE000800E270D0 /* Collections */ = {
			isa = XCSwiftPackageProductDependency;
			package = 9B7E295A2CEE000800E270D0 /* XCRemoteSwiftPackageReference "swift-collections" */;
			productName = Collections;
		};
		9B7E295F2CEE000800E270D0 /* DequeModule */ = {
			isa = XCSwiftPackageProductDependency;
			package = 9B7E295A2CEE000800E270D0 /* XCRemoteSwiftPackageReference "swift-collections" */;
			productName = DequeModule;
		};
		9B7E29612CEE000800E270D0 /* HashTreeCollections */ = {
			isa = XCSwiftPackageProductDependency;
			package = 9B7E295A2CEE000800E270D0 /* XCRemoteSwiftPackageReference "swift-collections" */;
			productName = HashTreeCollections;
		};
		9B7E29632CEE000800E270D0 /* HeapModule */ = {
			isa = XCSwiftPackageProductDependency;
			package = 9B7E295A2CEE000800E270D0 /* XCRemoteSwiftPackageReference "swift-collections" */;
			productName = HeapModule;
		};
		9B7E29662CEE002700E270D0 /* SwiftProtobuf */ = {
			isa = XCSwiftPackageProductDependency;
			package = 9B7E29652CEE002700E270D0 /* XCRemoteSwiftPackageReference "swift-protobuf" */;
			productName = SwiftProtobuf;
		};
		9B7E296D2CEE2A3B00E270D0 /* ArgumentParser */ = {
			isa = XCSwiftPackageProductDependency;
			package = 9BF32EE12CECCAF2005977E2 /* XCRemoteSwiftPackageReference "swift-argument-parser" */;
			productName = ArgumentParser;
		};
		9BF32EE22CECCAF2005977E2 /* ArgumentParser */ = {
			isa = XCSwiftPackageProductDependency;
			package = 9BF32EE12CECCAF2005977E2 /* XCRemoteSwiftPackageReference "swift-argument-parser" */;
			productName = ArgumentParser;
		};
		9BF32EE52CECCB32005977E2 /* CGRPCZlib */ = {
			isa = XCSwiftPackageProductDependency;
			package = 9BF32EE42CECCB32005977E2 /* XCRemoteSwiftPackageReference "grpc-swift" */;
			productName = CGRPCZlib;
		};
		9BF32EE72CECCB32005977E2 /* GRPC */ = {
			isa = XCSwiftPackageProductDependency;
			package = 9BF32EE42CECCB32005977E2 /* XCRemoteSwiftPackageReference "grpc-swift" */;
			productName = GRPC;
		};
		9BF32EE92CECCB32005977E2 /* GRPCReflectionService */ = {
			isa = XCSwiftPackageProductDependency;
			package = 9BF32EE42CECCB32005977E2 /* XCRemoteSwiftPackageReference "grpc-swift" */;
			productName = GRPCReflectionService;
		};
		9BF32EEC2CECD15B005977E2 /* SwiftDate */ = {
			isa = XCSwiftPackageProductDependency;
			package = 9BF32EEB2CECD15B005977E2 /* XCRemoteSwiftPackageReference "SwiftDate" */;
			productName = SwiftDate;
		};
/* End XCSwiftPackageProductDependency section */
	};
	rootObject = 9BF32E942CECCA85005977E2 /* Project object */;
}
